// !$*UTF8*$!
{
	archiveVersion = 1;
	classes = {
	};
	objectVersion = 46;
	objects = {

/* Begin PBXBuildFile section */
		BC34C5D01CE78A43007D78AD /* main.m in Sources */ = {isa = PBXBuildFile; fileRef = BC34C5CF1CE78A43007D78AD /* main.m */; };
		BC34C5D31CE78A43007D78AD /* AppDelegate.m in Sources */ = {isa = PBXBuildFile; fileRef = BC34C5D21CE78A43007D78AD /* AppDelegate.m */; };
		BC34C5D61CE78A43007D78AD /* MasterViewController.m in Sources */ = {isa = PBXBuildFile; fileRef = BC34C5D51CE78A43007D78AD /* MasterViewController.m */; };
		BC34C5D91CE78A43007D78AD /* DetailViewController.m in Sources */ = {isa = PBXBuildFile; fileRef = BC34C5D81CE78A43007D78AD /* DetailViewController.m */; };
		BC34C5DC1CE78A43007D78AD /* Main.storyboard in Resources */ = {isa = PBXBuildFile; fileRef = BC34C5DA1CE78A43007D78AD /* Main.storyboard */; };
		BC34C5DE1CE78A44007D78AD /* Assets.xcassets in Resources */ = {isa = PBXBuildFile; fileRef = BC34C5DD1CE78A44007D78AD /* Assets.xcassets */; };
		BC34C5E11CE78A44007D78AD /* LaunchScreen.storyboard in Resources */ = {isa = PBXBuildFile; fileRef = BC34C5DF1CE78A44007D78AD /* LaunchScreen.storyboard */; };
		BC34C5EC1CE78A44007D78AD /* sampleAppTests.m in Sources */ = {isa = PBXBuildFile; fileRef = BC34C5EB1CE78A44007D78AD /* sampleAppTests.m */; };
		BC34C5F71CE78A44007D78AD /* sampleAppUITests.m in Sources */ = {isa = PBXBuildFile; fileRef = BC34C5F61CE78A44007D78AD /* sampleAppUITests.m */; };
/* End PBXBuildFile section */

/* Begin PBXContainerItemProxy section */
		BC34C5E81CE78A44007D78AD /* PBXContainerItemProxy */ = {
			isa = PBXContainerItemProxy;
			containerPortal = BC34C5C31CE78A43007D78AD /* Project object */;
			proxyType = 1;
			remoteGlobalIDString = BC34C5CA1CE78A43007D78AD;
			remoteInfo = sampleApp;
		};
		BC34C5F31CE78A44007D78AD /* PBXContainerItemProxy */ = {
			isa = PBXContainerItemProxy;
			containerPortal = BC34C5C31CE78A43007D78AD /* Project object */;
			proxyType = 1;
			remoteGlobalIDString = BC34C5CA1CE78A43007D78AD;
			remoteInfo = sampleApp;
		};
/* End PBXContainerItemProxy section */

/* Begin PBXFileReference section */
		BC34C5CB1CE78A43007D78AD /* sampleApp.app */ = {isa = PBXFileReference; explicitFileType = wrapper.application; includeInIndex = 0; path = sampleApp.app; sourceTree = BUILT_PRODUCTS_DIR; };
		BC34C5CF1CE78A43007D78AD /* main.m */ = {isa = PBXFileReference; lastKnownFileType = sourcecode.c.objc; path = main.m; sourceTree = "<group>"; };
		BC34C5D11CE78A43007D78AD /* AppDelegate.h */ = {isa = PBXFileReference; lastKnownFileType = sourcecode.c.h; path = AppDelegate.h; sourceTree = "<group>"; };
		BC34C5D21CE78A43007D78AD /* AppDelegate.m */ = {isa = PBXFileReference; lastKnownFileType = sourcecode.c.objc; path = AppDelegate.m; sourceTree = "<group>"; };
		BC34C5D41CE78A43007D78AD /* MasterViewController.h */ = {isa = PBXFileReference; lastKnownFileType = sourcecode.c.h; path = MasterViewController.h; sourceTree = "<group>"; };
		BC34C5D51CE78A43007D78AD /* MasterViewController.m */ = {isa = PBXFileReference; lastKnownFileType = sourcecode.c.objc; path = MasterViewController.m; sourceTree = "<group>"; };
		BC34C5D71CE78A43007D78AD /* DetailViewController.h */ = {isa = PBXFileReference; lastKnownFileType = sourcecode.c.h; path = DetailViewController.h; sourceTree = "<group>"; };
		BC34C5D81CE78A43007D78AD /* DetailViewController.m */ = {isa = PBXFileReference; lastKnownFileType = sourcecode.c.objc; path = DetailViewController.m; sourceTree = "<group>"; };
		BC34C5DB1CE78A43007D78AD /* Base */ = {isa = PBXFileReference; lastKnownFileType = file.storyboard; name = Base; path = Base.lproj/Main.storyboard; sourceTree = "<group>"; };
		BC34C5DD1CE78A44007D78AD /* Assets.xcassets */ = {isa = PBXFileReference; lastKnownFileType = folder.assetcatalog; path = Assets.xcassets; sourceTree = "<group>"; };
		BC34C5E01CE78A44007D78AD /* Base */ = {isa = PBXFileReference; lastKnownFileType = file.storyboard; name = Base; path = Base.lproj/LaunchScreen.storyboard; sourceTree = "<group>"; };
		BC34C5E21CE78A44007D78AD /* Info.plist */ = {isa = PBXFileReference; lastKnownFileType = text.plist.xml; path = Info.plist; sourceTree = "<group>"; };
		BC34C5E71CE78A44007D78AD /* sampleAppTests.xctest */ = {isa = PBXFileReference; explicitFileType = wrapper.cfbundle; includeInIndex = 0; path = sampleAppTests.xctest; sourceTree = BUILT_PRODUCTS_DIR; };
		BC34C5EB1CE78A44007D78AD /* sampleAppTests.m */ = {isa = PBXFileReference; lastKnownFileType = sourcecode.c.objc; path = sampleAppTests.m; sourceTree = "<group>"; };
		BC34C5ED1CE78A44007D78AD /* Info.plist */ = {isa = PBXFileReference; lastKnownFileType = text.plist.xml; path = Info.plist; sourceTree = "<group>"; };
		BC34C5F21CE78A44007D78AD /* sampleAppUITests.xctest */ = {isa = PBXFileReference; explicitFileType = wrapper.cfbundle; includeInIndex = 0; path = sampleAppUITests.xctest; sourceTree = BUILT_PRODUCTS_DIR; };
		BC34C5F61CE78A44007D78AD /* sampleAppUITests.m */ = {isa = PBXFileReference; lastKnownFileType = sourcecode.c.objc; path = sampleAppUITests.m; sourceTree = "<group>"; };
		BC34C5F81CE78A44007D78AD /* Info.plist */ = {isa = PBXFileReference; lastKnownFileType = text.plist.xml; path = Info.plist; sourceTree = "<group>"; };
/* End PBXFileReference section */

/* Begin PBXFrameworksBuildPhase section */
		BC34C5C81CE78A43007D78AD /* Frameworks */ = {
			isa = PBXFrameworksBuildPhase;
			buildActionMask = 2147483647;
			files = (
			);
			runOnlyForDeploymentPostprocessing = 0;
		};
		BC34C5E41CE78A44007D78AD /* Frameworks */ = {
			isa = PBXFrameworksBuildPhase;
			buildActionMask = 2147483647;
			files = (
			);
			runOnlyForDeploymentPostprocessing = 0;
		};
		BC34C5EF1CE78A44007D78AD /* Frameworks */ = {
			isa = PBXFrameworksBuildPhase;
			buildActionMask = 2147483647;
			files = (
			);
			runOnlyForDeploymentPostprocessing = 0;
		};
/* End PBXFrameworksBuildPhase section */

/* Begin PBXGroup section */
		BC34C5C21CE78A43007D78AD = {
			isa = PBXGroup;
			children = (
				BC34C5CD1CE78A43007D78AD /* sampleApp */,
				BC34C5EA1CE78A44007D78AD /* sampleAppTests */,
				BC34C5F51CE78A44007D78AD /* sampleAppUITests */,
				BC34C5CC1CE78A43007D78AD /* Products */,
			);
			sourceTree = "<group>";
		};
		BC34C5CC1CE78A43007D78AD /* Products */ = {
			isa = PBXGroup;
			children = (
				BC34C5CB1CE78A43007D78AD /* sampleApp.app */,
				BC34C5E71CE78A44007D78AD /* sampleAppTests.xctest */,
				BC34C5F21CE78A44007D78AD /* sampleAppUITests.xctest */,
			);
			name = Products;
			sourceTree = "<group>";
		};
		BC34C5CD1CE78A43007D78AD /* sampleApp */ = {
			isa = PBXGroup;
			children = (
				BC34C5D11CE78A43007D78AD /* AppDelegate.h */,
				BC34C5D21CE78A43007D78AD /* AppDelegate.m */,
				BC34C5D41CE78A43007D78AD /* MasterViewController.h */,
				BC34C5D51CE78A43007D78AD /* MasterViewController.m */,
				BC34C5D71CE78A43007D78AD /* DetailViewController.h */,
				BC34C5D81CE78A43007D78AD /* DetailViewController.m */,
				BC34C5DA1CE78A43007D78AD /* Main.storyboard */,
				BC34C5DD1CE78A44007D78AD /* Assets.xcassets */,
				BC34C5DF1CE78A44007D78AD /* LaunchScreen.storyboard */,
				BC34C5E21CE78A44007D78AD /* Info.plist */,
				BC34C5CE1CE78A43007D78AD /* Supporting Files */,
			);
			path = sampleApp;
			sourceTree = "<group>";
		};
		BC34C5CE1CE78A43007D78AD /* Supporting Files */ = {
			isa = PBXGroup;
			children = (
				BC34C5CF1CE78A43007D78AD /* main.m */,
			);
			name = "Supporting Files";
			sourceTree = "<group>";
		};
		BC34C5EA1CE78A44007D78AD /* sampleAppTests */ = {
			isa = PBXGroup;
			children = (
				BC34C5EB1CE78A44007D78AD /* sampleAppTests.m */,
				BC34C5ED1CE78A44007D78AD /* Info.plist */,
			);
			path = sampleAppTests;
			sourceTree = "<group>";
		};
		BC34C5F51CE78A44007D78AD /* sampleAppUITests */ = {
			isa = PBXGroup;
			children = (
				BC34C5F61CE78A44007D78AD /* sampleAppUITests.m */,
				BC34C5F81CE78A44007D78AD /* Info.plist */,
			);
			path = sampleAppUITests;
			sourceTree = "<group>";
		};
/* End PBXGroup section */

/* Begin PBXNativeTarget section */
		BC34C5CA1CE78A43007D78AD /* sampleApp */ = {
			isa = PBXNativeTarget;
			buildConfigurationList = BC34C5FB1CE78A44007D78AD /* Build configuration list for PBXNativeTarget "sampleApp" */;
			buildPhases = (
				BC34C5C71CE78A43007D78AD /* Sources */,
				BC34C5C81CE78A43007D78AD /* Frameworks */,
				BC34C5C91CE78A43007D78AD /* Resources */,
			);
			buildRules = (
			);
			dependencies = (
			);
			name = sampleApp;
			productName = sampleApp;
			productReference = BC34C5CB1CE78A43007D78AD /* sampleApp.app */;
			productType = "com.apple.product-type.application";
		};
		BC34C5E61CE78A44007D78AD /* sampleAppTests */ = {
			isa = PBXNativeTarget;
			buildConfigurationList = BC34C5FE1CE78A44007D78AD /* Build configuration list for PBXNativeTarget "sampleAppTests" */;
			buildPhases = (
				BC34C5E31CE78A44007D78AD /* Sources */,
				BC34C5E41CE78A44007D78AD /* Frameworks */,
				BC34C5E51CE78A44007D78AD /* Resources */,
			);
			buildRules = (
			);
			dependencies = (
				BC34C5E91CE78A44007D78AD /* PBXTargetDependency */,
			);
			name = sampleAppTests;
			productName = sampleAppTests;
			productReference = BC34C5E71CE78A44007D78AD /* sampleAppTests.xctest */;
			productType = "com.apple.product-type.bundle.unit-test";
		};
		BC34C5F11CE78A44007D78AD /* sampleAppUITests */ = {
			isa = PBXNativeTarget;
			buildConfigurationList = BC34C6011CE78A44007D78AD /* Build configuration list for PBXNativeTarget "sampleAppUITests" */;
			buildPhases = (
				BC34C5EE1CE78A44007D78AD /* Sources */,
				BC34C5EF1CE78A44007D78AD /* Frameworks */,
				BC34C5F01CE78A44007D78AD /* Resources */,
			);
			buildRules = (
			);
			dependencies = (
				BC34C5F41CE78A44007D78AD /* PBXTargetDependency */,
			);
			name = sampleAppUITests;
			productName = sampleAppUITests;
			productReference = BC34C5F21CE78A44007D78AD /* sampleAppUITests.xctest */;
			productType = "com.apple.product-type.bundle.ui-testing";
		};
/* End PBXNativeTarget section */

/* Begin PBXProject section */
		BC34C5C31CE78A43007D78AD /* Project object */ = {
			isa = PBXProject;
			attributes = {
				LastUpgradeCheck = 0730;
				ORGANIZATIONNAME = "Tiffany Chiou";
				TargetAttributes = {
					BC34C5CA1CE78A43007D78AD = {
						CreatedOnToolsVersion = 7.3.1;
					};
					BC34C5E61CE78A44007D78AD = {
						CreatedOnToolsVersion = 7.3.1;
						TestTargetID = BC34C5CA1CE78A43007D78AD;
					};
					BC34C5F11CE78A44007D78AD = {
						CreatedOnToolsVersion = 7.3.1;
						TestTargetID = BC34C5CA1CE78A43007D78AD;
					};
				};
			};
			buildConfigurationList = BC34C5C61CE78A43007D78AD /* Build configuration list for PBXProject "sampleApp" */;
			compatibilityVersion = "Xcode 3.2";
			developmentRegion = English;
			hasScannedForEncodings = 0;
			knownRegions = (
				en,
				Base,
			);
			mainGroup = BC34C5C21CE78A43007D78AD;
			productRefGroup = BC34C5CC1CE78A43007D78AD /* Products */;
			projectDirPath = "";
			projectRoot = "";
			targets = (
				BC34C5CA1CE78A43007D78AD /* sampleApp */,
				BC34C5E61CE78A44007D78AD /* sampleAppTests */,
				BC34C5F11CE78A44007D78AD /* sampleAppUITests */,
			);
		};
/* End PBXProject section */

/* Begin PBXResourcesBuildPhase section */
		BC34C5C91CE78A43007D78AD /* Resources */ = {
			isa = PBXResourcesBuildPhase;
			buildActionMask = 2147483647;
			files = (
				BC34C5E11CE78A44007D78AD /* LaunchScreen.storyboard in Resources */,
				BC34C5DE1CE78A44007D78AD /* Assets.xcassets in Resources */,
				BC34C5DC1CE78A43007D78AD /* Main.storyboard in Resources */,
			);
			runOnlyForDeploymentPostprocessing = 0;
		};
		BC34C5E51CE78A44007D78AD /* Resources */ = {
			isa = PBXResourcesBuildPhase;
			buildActionMask = 2147483647;
			files = (
			);
			runOnlyForDeploymentPostprocessing = 0;
		};
		BC34C5F01CE78A44007D78AD /* Resources */ = {
			isa = PBXResourcesBuildPhase;
			buildActionMask = 2147483647;
			files = (
			);
			runOnlyForDeploymentPostprocessing = 0;
		};
/* End PBXResourcesBuildPhase section */

/* Begin PBXSourcesBuildPhase section */
		BC34C5C71CE78A43007D78AD /* Sources */ = {
			isa = PBXSourcesBuildPhase;
			buildActionMask = 2147483647;
			files = (
				BC34C5D31CE78A43007D78AD /* AppDelegate.m in Sources */,
				BC34C5D61CE78A43007D78AD /* MasterViewController.m in Sources */,
				BC34C5D01CE78A43007D78AD /* main.m in Sources */,
				BC34C5D91CE78A43007D78AD /* DetailViewController.m in Sources */,
			);
			runOnlyForDeploymentPostprocessing = 0;
		};
		BC34C5E31CE78A44007D78AD /* Sources */ = {
			isa = PBXSourcesBuildPhase;
			buildActionMask = 2147483647;
			files = (
				BC34C5EC1CE78A44007D78AD /* sampleAppTests.m in Sources */,
			);
			runOnlyForDeploymentPostprocessing = 0;
		};
		BC34C5EE1CE78A44007D78AD /* Sources */ = {
			isa = PBXSourcesBuildPhase;
			buildActionMask = 2147483647;
			files = (
				BC34C5F71CE78A44007D78AD /* sampleAppUITests.m in Sources */,
			);
			runOnlyForDeploymentPostprocessing = 0;
		};
/* End PBXSourcesBuildPhase section */

/* Begin PBXTargetDependency section */
		BC34C5E91CE78A44007D78AD /* PBXTargetDependency */ = {
			isa = PBXTargetDependency;
			target = BC34C5CA1CE78A43007D78AD /* sampleApp */;
			targetProxy = BC34C5E81CE78A44007D78AD /* PBXContainerItemProxy */;
		};
		BC34C5F41CE78A44007D78AD /* PBXTargetDependency */ = {
			isa = PBXTargetDependency;
			target = BC34C5CA1CE78A43007D78AD /* sampleApp */;
			targetProxy = BC34C5F31CE78A44007D78AD /* PBXContainerItemProxy */;
		};
/* End PBXTargetDependency section */

/* Begin PBXVariantGroup section */
		BC34C5DA1CE78A43007D78AD /* Main.storyboard */ = {
			isa = PBXVariantGroup;
			children = (
				BC34C5DB1CE78A43007D78AD /* Base */,
			);
			name = Main.storyboard;
			sourceTree = "<group>";
		};
		BC34C5DF1CE78A44007D78AD /* LaunchScreen.storyboard */ = {
			isa = PBXVariantGroup;
			children = (
				BC34C5E01CE78A44007D78AD /* Base */,
			);
			name = LaunchScreen.storyboard;
			sourceTree = "<group>";
		};
/* End PBXVariantGroup section */

/* Begin XCBuildConfiguration section */
		BC34C5F91CE78A44007D78AD /* Debug */ = {
			isa = XCBuildConfiguration;
			buildSettings = {
				ALWAYS_SEARCH_USER_PATHS = NO;
				CLANG_ANALYZER_NONNULL = YES;
				CLANG_CXX_LANGUAGE_STANDARD = "gnu++0x";
				CLANG_CXX_LIBRARY = "libc++";
				CLANG_ENABLE_MODULES = YES;
				CLANG_ENABLE_OBJC_ARC = YES;
				CLANG_WARN_BOOL_CONVERSION = YES;
				CLANG_WARN_CONSTANT_CONVERSION = YES;
				CLANG_WARN_DIRECT_OBJC_ISA_USAGE = YES_ERROR;
				CLANG_WARN_EMPTY_BODY = YES;
				CLANG_WARN_ENUM_CONVERSION = YES;
				CLANG_WARN_INT_CONVERSION = YES;
				CLANG_WARN_OBJC_ROOT_CLASS = YES_ERROR;
				CLANG_WARN_UNREACHABLE_CODE = YES;
				CLANG_WARN__DUPLICATE_METHOD_MATCH = YES;
				"CODE_SIGN_IDENTITY[sdk=iphoneos*]" = "iPhone Developer";
				COPY_PHASE_STRIP = NO;
				DEBUG_INFORMATION_FORMAT = dwarf;
				ENABLE_STRICT_OBJC_MSGSEND = YES;
				ENABLE_TESTABILITY = YES;
				GCC_C_LANGUAGE_STANDARD = gnu99;
				GCC_DYNAMIC_NO_PIC = NO;
				GCC_NO_COMMON_BLOCKS = YES;
				GCC_OPTIMIZATION_LEVEL = 0;
				GCC_PREPROCESSOR_DEFINITIONS = (
					"DEBUG=1",
					"$(inherited)",
				);
				GCC_WARN_64_TO_32_BIT_CONVERSION = YES;
				GCC_WARN_ABOUT_RETURN_TYPE = YES_ERROR;
				GCC_WARN_UNDECLARED_SELECTOR = YES;
				GCC_WARN_UNINITIALIZED_AUTOS = YES_AGGRESSIVE;
				GCC_WARN_UNUSED_FUNCTION = YES;
				GCC_WARN_UNUSED_VARIABLE = YES;
				IPHONEOS_DEPLOYMENT_TARGET = 9.3;
				MTL_ENABLE_DEBUG_INFO = YES;
				ONLY_ACTIVE_ARCH = YES;
				SDKROOT = iphoneos;
			};
			name = Debug;
		};
		BC34C5FA1CE78A44007D78AD /* Release */ = {
			isa = XCBuildConfiguration;
			buildSettings = {
				ALWAYS_SEARCH_USER_PATHS = NO;
				CLANG_ANALYZER_NONNULL = YES;
				CLANG_CXX_LANGUAGE_STANDARD = "gnu++0x";
				CLANG_CXX_LIBRARY = "libc++";
				CLANG_ENABLE_MODULES = YES;
				CLANG_ENABLE_OBJC_ARC = YES;
				CLANG_WARN_BOOL_CONVERSION = YES;
				CLANG_WARN_CONSTANT_CONVERSION = YES;
				CLANG_WARN_DIRECT_OBJC_ISA_USAGE = YES_ERROR;
				CLANG_WARN_EMPTY_BODY = YES;
				CLANG_WARN_ENUM_CONVERSION = YES;
				CLANG_WARN_INT_CONVERSION = YES;
				CLANG_WARN_OBJC_ROOT_CLASS = YES_ERROR;
				CLANG_WARN_UNREACHABLE_CODE = YES;
				CLANG_WARN__DUPLICATE_METHOD_MATCH = YES;
				"CODE_SIGN_IDENTITY[sdk=iphoneos*]" = "iPhone Developer";
				COPY_PHASE_STRIP = NO;
				DEBUG_INFORMATION_FORMAT = "dwarf-with-dsym";
				ENABLE_NS_ASSERTIONS = NO;
				ENABLE_STRICT_OBJC_MSGSEND = YES;
				GCC_C_LANGUAGE_STANDARD = gnu99;
				GCC_NO_COMMON_BLOCKS = YES;
				GCC_WARN_64_TO_32_BIT_CONVERSION = YES;
				GCC_WARN_ABOUT_RETURN_TYPE = YES_ERROR;
				GCC_WARN_UNDECLARED_SELECTOR = YES;
				GCC_WARN_UNINITIALIZED_AUTOS = YES_AGGRESSIVE;
				GCC_WARN_UNUSED_FUNCTION = YES;
				GCC_WARN_UNUSED_VARIABLE = YES;
				IPHONEOS_DEPLOYMENT_TARGET = 9.3;
				MTL_ENABLE_DEBUG_INFO = NO;
				SDKROOT = iphoneos;
				VALIDATE_PRODUCT = YES;
			};
			name = Release;
		};
		BC34C5FC1CE78A44007D78AD /* Debug */ = {
			isa = XCBuildConfiguration;
			buildSettings = {
				ASSETCATALOG_COMPILER_APPICON_NAME = AppIcon;
				INFOPLIST_FILE = sampleApp/Info.plist;
				LD_RUNPATH_SEARCH_PATHS = "$(inherited) @executable_path/Frameworks";
				PRODUCT_BUNDLE_IDENTIFIER = practice.sampleApp;
				PRODUCT_NAME = "$(TARGET_NAME)";
			};
			name = Debug;
		};
		BC34C5FD1CE78A44007D78AD /* Release */ = {
			isa = XCBuildConfiguration;
			buildSettings = {
				ASSETCATALOG_COMPILER_APPICON_NAME = AppIcon;
				INFOPLIST_FILE = sampleApp/Info.plist;
				LD_RUNPATH_SEARCH_PATHS = "$(inherited) @executable_path/Frameworks";
				PRODUCT_BUNDLE_IDENTIFIER = practice.sampleApp;
				PRODUCT_NAME = "$(TARGET_NAME)";
			};
			name = Release;
		};
		BC34C5FF1CE78A44007D78AD /* Debug */ = {
			isa = XCBuildConfiguration;
			buildSettings = {
				BUNDLE_LOADER = "$(TEST_HOST)";
				INFOPLIST_FILE = sampleAppTests/Info.plist;
				LD_RUNPATH_SEARCH_PATHS = "$(inherited) @executable_path/Frameworks @loader_path/Frameworks";
				PRODUCT_BUNDLE_IDENTIFIER = practice.sampleAppTests;
				PRODUCT_NAME = "$(TARGET_NAME)";
				TEST_HOST = "$(BUILT_PRODUCTS_DIR)/sampleApp.app/sampleApp";
			};
			name = Debug;
		};
		BC34C6001CE78A44007D78AD /* Release */ = {
			isa = XCBuildConfiguration;
			buildSettings = {
				BUNDLE_LOADER = "$(TEST_HOST)";
				INFOPLIST_FILE = sampleAppTests/Info.plist;
				LD_RUNPATH_SEARCH_PATHS = "$(inherited) @executable_path/Frameworks @loader_path/Frameworks";
				PRODUCT_BUNDLE_IDENTIFIER = practice.sampleAppTests;
				PRODUCT_NAME = "$(TARGET_NAME)";
				TEST_HOST = "$(BUILT_PRODUCTS_DIR)/sampleApp.app/sampleApp";
			};
			name = Release;
		};
		BC34C6021CE78A44007D78AD /* Debug */ = {
			isa = XCBuildConfiguration;
			buildSettings = {
				INFOPLIST_FILE = sampleAppUITests/Info.plist;
				LD_RUNPATH_SEARCH_PATHS = "$(inherited) @executable_path/Frameworks @loader_path/Frameworks";
				PRODUCT_BUNDLE_IDENTIFIER = practice.sampleAppUITests;
				PRODUCT_NAME = "$(TARGET_NAME)";
				TEST_TARGET_NAME = sampleApp;
			};
			name = Debug;
		};
		BC34C6031CE78A44007D78AD /* Release */ = {
			isa = XCBuildConfiguration;
			buildSettings = {
				INFOPLIST_FILE = sampleAppUITests/Info.plist;
				LD_RUNPATH_SEARCH_PATHS = "$(inherited) @executable_path/Frameworks @loader_path/Frameworks";
				PRODUCT_BUNDLE_IDENTIFIER = practice.sampleAppUITests;
				PRODUCT_NAME = "$(TARGET_NAME)";
				TEST_TARGET_NAME = sampleApp;
			};
			name = Release;
		};
/* End XCBuildConfiguration section */

/* Begin XCConfigurationList section */
		BC34C5C61CE78A43007D78AD /* Build configuration list for PBXProject "sampleApp" */ = {
			isa = XCConfigurationList;
			buildConfigurations = (
				BC34C5F91CE78A44007D78AD /* Debug */,
				BC34C5FA1CE78A44007D78AD /* Release */,
			);
			defaultConfigurationIsVisible = 0;
			defaultConfigurationName = Release;
		};
		BC34C5FB1CE78A44007D78AD /* Build configuration list for PBXNativeTarget "sampleApp" */ = {
			isa = XCConfigurationList;
			buildConfigurations = (
				BC34C5FC1CE78A44007D78AD /* Debug */,
				BC34C5FD1CE78A44007D78AD /* Release */,
			);
			defaultConfigurationIsVisible = 0;
		};
		BC34C5FE1CE78A44007D78AD /* Build configuration list for PBXNativeTarget "sampleAppTests" */ = {
			isa = XCConfigurationList;
			buildConfigurations = (
				BC34C5FF1CE78A44007D78AD /* Debug */,
				BC34C6001CE78A44007D78AD /* Release */,
			);
			defaultConfigurationIsVisible = 0;
		};
		BC34C6011CE78A44007D78AD /* Build configuration list for PBXNativeTarget "sampleAppUITests" */ = {
			isa = XCConfigurationList;
			buildConfigurations = (
				BC34C6021CE78A44007D78AD /* Debug */,
				BC34C6031CE78A44007D78AD /* Release */,
			);
			defaultConfigurationIsVisible = 0;
		};
/* End XCConfigurationList section */
	};
	rootObject = BC34C5C31CE78A43007D78AD /* Project object */;
}
